
Microsoft Visual Studio Solution File, Format Version 12.00
# Visual Studio Version 17
VisualStudioVersion = 17.5.33516.290
MinimumVisualStudioVersion = 10.0.40219.1
Project("{FAE04EC0-301F-11D3-BF4B-00C04F79EFBC}") = "StringCalculatorApp", "StringCalculatorApp\StringCalculatorApp.csproj", "{66049FA6-EAEF-4E52-9D16-09EAF45D055E}"
EndProject
Project("{FAE04EC0-301F-11D3-BF4B-00C04F79EFBC}") = "StringCalculatorTests", "StringCalculatorTests\StringCalculatorTests.csproj", "{9723752C-892D-4617-9893-85995DDB6922}"
EndProject
Global
	GlobalSection(SolutionConfigurationPlatforms) = preSolution
		Debug|Any CPU = Debug|Any CPU
		Release|Any CPU = Release|Any CPU
	EndGlobalSection
	GlobalSection(ProjectConfigurationPlatforms) = postSolution
		{66049FA6-EAEF-4E52-9D16-09EAF45D055E}.Debug|Any CPU.ActiveCfg = Debug|Any CPU
		{66049FA6-EAEF-4E52-9D16-09EAF45D055E}.Debug|Any CPU.Build.0 = Debug|Any CPU
		{66049FA6-EAEF-4E52-9D16-09EAF45D055E}.Release|Any CPU.ActiveCfg = Release|Any CPU
		{66049FA6-EAEF-4E52-9D16-09EAF45D055E}.Release|Any CPU.Build.0 = Release|Any CPU
		{9723752C-892D-4617-9893-85995DDB6922}.Debug|Any CPU.ActiveCfg = Debug|Any CPU
		{9723752C-892D-4617-9893-85995DDB6922}.Debug|Any CPU.Build.0 = Debug|Any CPU
		{9723752C-892D-4617-9893-85995DDB6922}.Release|Any CPU.ActiveCfg = Release|Any CPU
		{9723752C-892D-4617-9893-85995DDB6922}.Release|Any CPU.Build.0 = Release|Any CPU
	EndGlobalSection
	GlobalSection(SolutionProperties) = preSolution
		HideSolutionNode = FALSE
	EndGlobalSection
	GlobalSection(ExtensibilityGlobals) = postSolution
		SolutionGuid = {6025CF61-11CB-41A8-B843-5A38F303420E}
	EndGlobalSection
EndGlobal
